{
  "requires": true,
  "lockfileVersion": 1,
  "dependencies": {
    "fuzzball": {
      "version": "1.2.2",
      "resolved": "https://registry.npmjs.org/fuzzball/-/fuzzball-1.2.2.tgz",
      "integrity": "sha512-oprLtchI6/LALdRt4y4fZkCBkejMXF3tfvjBE9FJQcZPHHPvrBRLmajVprPKqz4BBwhDNi8CwyhnkRbzwC7Z7w==",
      "requires": {
        "heap": ">=0.2.0",
        "setimmediate": "^1.0.5",
        "string.fromcodepoint": "^0.2.1",
        "string.prototype.codepointat": "^0.2.0"
      }
    },
    "heap": {
      "version": "0.2.6",
      "resolved": "https://registry.npmjs.org/heap/-/heap-0.2.6.tgz",
      "integrity": "sha1-CH4fELBGky/IWU3Z5tN4r8nR5aw="
    },
    "setimmediate": {
      "version": "1.0.5",
      "resolved": "https://registry.npmjs.org/setimmediate/-/setimmediate-1.0.5.tgz",
      "integrity": "sha1-KQy7Iy4waULX1+qbg3Mqt4VvgoU="
    },
    "string.fromcodepoint": {
      "version": "0.2.1",
      "resolved": "https://registry.npmjs.org/string.fromcodepoint/-/string.fromcodepoint-0.2.1.tgz",
      "integrity": "sha1-jZeDM8C8klOPUPOD5IiPPlYZ1lM="
    },
    "string.prototype.codepointat": {
      "version": "0.2.1",
      "resolved": "https://registry.npmjs.org/string.prototype.codepointat/-/string.prototype.codepointat-0.2.1.tgz",
      "integrity": "sha512-2cBVCj6I4IOvEnjgO/hWqXjqBGsY+zwPmHl12Srk9IXSZ56Jwwmy+66XO5Iut/oQVR7t5ihYdLB0GMa4alEUcg=="
    },
    "vue-progressive-image": {
      "version": "3.2.0",
      "resolved": "https://registry.npmjs.org/vue-progressive-image/-/vue-progressive-image-3.2.0.tgz",
      "integrity": "sha512-D1DSBOIw2nAJHTDT2aVn2lDROKGd4XvCIIH5JY2t5yjNcDppRXzqXRqrGYRFcRbtA+6XV17s55VszFFItiNLcg=="
    }
  }
}
