{
  "requires": true,
  "lockfileVersion": 1,
  "dependencies": {
    "vue-progressive-image": {
      "version": "3.2.0",
      "resolved": "https://registry.npmjs.org/vue-progressive-image/-/vue-progressive-image-3.2.0.tgz",
      "integrity": "sha512-D1DSBOIw2nAJHTDT2aVn2lDROKGd4XvCIIH5JY2t5yjNcDppRXzqXRqrGYRFcRbtA+6XV17s55VszFFItiNLcg=="
    }
  }
}
